
Microsoft Visual Studio Solution File, Format Version 12.00
# Visual Studio Version 17
VisualStudioVersion = 17.7.34024.191
MinimumVisualStudioVersion = 10.0.40219.1
Project("{FAE04EC0-301F-11D3-BF4B-00C04F79EFBC}") = "практа 1 на dataset", "практа 1 на dataset\практа 1 на dataset.csproj", "{0037A886-45DC-4839-A45F-1A15F3B7CF04}"
EndProject
Global
	GlobalSection(SolutionConfigurationPlatforms) = preSolution
		Debug|Any CPU = Debug|Any CPU
		Release|Any CPU = Release|Any CPU
	EndGlobalSection
	GlobalSection(ProjectConfigurationPlatforms) = postSolution
		{0037A886-45DC-4839-A45F-1A15F3B7CF04}.Debug|Any CPU.ActiveCfg = Debug|Any CPU
		{0037A886-45DC-4839-A45F-1A15F3B7CF04}.Debug|Any CPU.Build.0 = Debug|Any CPU
		{0037A886-45DC-4839-A45F-1A15F3B7CF04}.Release|Any CPU.ActiveCfg = Release|Any CPU
		{0037A886-45DC-4839-A45F-1A15F3B7CF04}.Release|Any CPU.Build.0 = Release|Any CPU
	EndGlobalSection
	GlobalSection(SolutionProperties) = preSolution
		HideSolutionNode = FALSE
	EndGlobalSection
	GlobalSection(ExtensibilityGlobals) = postSolution
		SolutionGuid = {8DC70F86-B673-4CFD-B135-8ED4E1A01AB6}
	EndGlobalSection
EndGlobal
